{
  "name": "@imove/compile-code",
  "version": "0.1.0",
  "lockfileVersion": 1,
  "requires": true,
  "dependencies": {
    "@antv/x6": {
      "version": "1.32.3",
      "resolved": "https://registry.npmmirror.com/@antv/x6/-/x6-1.32.3.tgz",
      "integrity": "sha512-RSjqC4FGcPHSbAfwy2xeqopelboVrHoubx+HF50EGFvQoRdKSGgbue+4McNtM1RAUGKe9Pca+ZJQepWYeKJyvw==",
      "requires": {
        "csstype": "^3.0.3",
        "jquery": "^3.5.1",
        "jquery-mousewheel": "^3.1.13",
        "lodash-es": "^4.17.15",
        "mousetrap": "^1.6.5",
        "utility-types": "^3.10.0"
      }
    },
    "csstype": {
      "version": "3.1.0",
      "resolved": "https://registry.npmmirror.com/csstype/-/csstype-3.1.0.tgz",
      "integrity": "sha512-uX1KG+x9h5hIJsaKR9xHUeUraxf8IODOwq9JLNPq6BwB04a/xgpq3rcx47l5BZu5zBPlgD342tdke3Hom/nJRA=="
    },
    "jquery": {
      "version": "3.6.0",
      "resolved": "https://registry.npmmirror.com/jquery/-/jquery-3.6.0.tgz",
      "integrity": "sha512-JVzAR/AjBvVt2BmYhxRCSYysDsPcssdmTFnzyLEts9qNwmjmu4JTAMYubEfwVOSwpQ1I1sKKFcxhZCI2buerfw=="
    },
    "jquery-mousewheel": {
      "version": "3.1.13",
      "resolved": "https://registry.npmmirror.com/jquery-mousewheel/-/jquery-mousewheel-3.1.13.tgz",
      "integrity": "sha512-GXhSjfOPyDemM005YCEHvzrEALhKDIswtxSHSR2e4K/suHVJKJxxRCGz3skPjNxjJjQa9AVSGGlYjv1M3VLIPg=="
    },
    "lodash-es": {
      "version": "4.17.21",
      "resolved": "https://registry.npmmirror.com/lodash-es/-/lodash-es-4.17.21.tgz",
      "integrity": "sha512-mKnC+QJ9pWVzv+C4/U3rRsHapFfHvQFoFB92e52xeyGMcX6/OlIl78je1u8vePzYZSkkogMPJ2yjxxsb89cxyw=="
    },
    "mousetrap": {
      "version": "1.6.5",
      "resolved": "https://registry.npmmirror.com/mousetrap/-/mousetrap-1.6.5.tgz",
      "integrity": "sha512-QNo4kEepaIBwiT8CDhP98umTetp+JNfQYBWvC1pc6/OAibuXtRcxZ58Qz8skvEHYvURne/7R8T5VoOI7rDsEUA=="
    },
    "utility-types": {
      "version": "3.10.0",
      "resolved": "https://registry.npmmirror.com/utility-types/-/utility-types-3.10.0.tgz",
      "integrity": "sha512-O11mqxmi7wMKCo6HKFt5AhO4BwY3VV68YU07tgxfz8zJTIxr4BpsezN49Ffwy9j3ZpwwJp4fkRwjRzq3uWE6Rg=="
    }
  }
}
